
Microsoft Visual Studio Solution File, Format Version 12.00
# Visual Studio Version 17
VisualStudioVersion = 17.0.31903.59
MinimumVisualStudioVersion = 10.0.40219.1
Project("{FAE04EC0-301F-11D3-BF4B-00C04F79EFBC}") = "Bookify.Domain", "Bookify.Domain\Bookify.Domain.csproj", "{E3B8DB45-4A88-4F6C-B8DA-AFDFCB56588F}"
EndProject
Project("{FAE04EC0-301F-11D3-BF4B-00C04F79EFBC}") = "Bookify.Application", "Bookify.Application\Bookify.Application.csproj", "{6270FAEA-2C43-4BDC-883E-B51754D4B977}"
EndProject
Project("{FAE04EC0-301F-11D3-BF4B-00C04F79EFBC}") = "Bookify.Infrastructure", "Bookify.Infrastructure\Bookify.Infrastructure.csproj", "{80C43BFD-2085-4C35-B278-0E0F30E9D8B5}"
EndProject
Project("{FAE04EC0-301F-11D3-BF4B-00C04F79EFBC}") = "Bookify.Api", "Bookify.Api\Bookify.Api.csproj", "{09233EC2-3691-43F6-BE7A-FA26B3D1E3AE}"
EndProject
Global
	GlobalSection(SolutionConfigurationPlatforms) = preSolution
		Debug|Any CPU = Debug|Any CPU
		Release|Any CPU = Release|Any CPU
	EndGlobalSection
	GlobalSection(SolutionProperties) = preSolution
		HideSolutionNode = FALSE
	EndGlobalSection
	GlobalSection(ProjectConfigurationPlatforms) = postSolution
		{E3B8DB45-4A88-4F6C-B8DA-AFDFCB56588F}.Debug|Any CPU.ActiveCfg = Debug|Any CPU
		{E3B8DB45-4A88-4F6C-B8DA-AFDFCB56588F}.Debug|Any CPU.Build.0 = Debug|Any CPU
		{E3B8DB45-4A88-4F6C-B8DA-AFDFCB56588F}.Release|Any CPU.ActiveCfg = Release|Any CPU
		{E3B8DB45-4A88-4F6C-B8DA-AFDFCB56588F}.Release|Any CPU.Build.0 = Release|Any CPU
		{6270FAEA-2C43-4BDC-883E-B51754D4B977}.Debug|Any CPU.ActiveCfg = Debug|Any CPU
		{6270FAEA-2C43-4BDC-883E-B51754D4B977}.Debug|Any CPU.Build.0 = Debug|Any CPU
		{6270FAEA-2C43-4BDC-883E-B51754D4B977}.Release|Any CPU.ActiveCfg = Release|Any CPU
		{6270FAEA-2C43-4BDC-883E-B51754D4B977}.Release|Any CPU.Build.0 = Release|Any CPU
		{80C43BFD-2085-4C35-B278-0E0F30E9D8B5}.Debug|Any CPU.ActiveCfg = Debug|Any CPU
		{80C43BFD-2085-4C35-B278-0E0F30E9D8B5}.Debug|Any CPU.Build.0 = Debug|Any CPU
		{80C43BFD-2085-4C35-B278-0E0F30E9D8B5}.Release|Any CPU.ActiveCfg = Release|Any CPU
		{80C43BFD-2085-4C35-B278-0E0F30E9D8B5}.Release|Any CPU.Build.0 = Release|Any CPU
		{09233EC2-3691-43F6-BE7A-FA26B3D1E3AE}.Debug|Any CPU.ActiveCfg = Debug|Any CPU
		{09233EC2-3691-43F6-BE7A-FA26B3D1E3AE}.Debug|Any CPU.Build.0 = Debug|Any CPU
		{09233EC2-3691-43F6-BE7A-FA26B3D1E3AE}.Release|Any CPU.ActiveCfg = Release|Any CPU
		{09233EC2-3691-43F6-BE7A-FA26B3D1E3AE}.Release|Any CPU.Build.0 = Release|Any CPU
	EndGlobalSection
EndGlobal
